
Microsoft Visual Studio Solution File, Format Version 12.00
# Visual Studio 15
VisualStudioVersion = 15.0.28307.168
MinimumVisualStudioVersion = 10.0.40219.1
Project("{00D1A9C2-B5F0-4AF3-8072-F6C62B433612}") = "PeopleProTrainingData", "PeopleProTrainingData\PeopleProTrainingData.sqlproj", "{60270B27-2F78-4972-8BFD-E48E92C277AE}"
EndProject
Global
	GlobalSection(SolutionConfigurationPlatforms) = preSolution
		Debug|Any CPU = Debug|Any CPU
		Release|Any CPU = Release|Any CPU
	EndGlobalSection
	GlobalSection(ProjectConfigurationPlatforms) = postSolution
		{60270B27-2F78-4972-8BFD-E48E92C277AE}.Debug|Any CPU.ActiveCfg = Debug|Any CPU
		{60270B27-2F78-4972-8BFD-E48E92C277AE}.Debug|Any CPU.Build.0 = Debug|Any CPU
		{60270B27-2F78-4972-8BFD-E48E92C277AE}.Debug|Any CPU.Deploy.0 = Debug|Any CPU
		{60270B27-2F78-4972-8BFD-E48E92C277AE}.Release|Any CPU.ActiveCfg = Release|Any CPU
		{60270B27-2F78-4972-8BFD-E48E92C277AE}.Release|Any CPU.Build.0 = Release|Any CPU
		{60270B27-2F78-4972-8BFD-E48E92C277AE}.Release|Any CPU.Deploy.0 = Release|Any CPU
	EndGlobalSection
	GlobalSection(SolutionProperties) = preSolution
		HideSolutionNode = FALSE
	EndGlobalSection
	GlobalSection(ExtensibilityGlobals) = postSolution
		SolutionGuid = {38CFFE63-CC63-411C-BE5B-C69EA52D48D8}
	EndGlobalSection
EndGlobal
